
Microsoft Visual Studio Solution File, Format Version 12.00
# Visual Studio Version 16
VisualStudioVersion = 16.0.30907.101
MinimumVisualStudioVersion = 10.0.40219.1
Project("{FAE04EC0-301F-11D3-BF4B-00C04F79EFBC}") = "RegistryWork", "RegistryWork\RegistryWork.csproj", "{29791E6D-EBCF-4165-8093-0F56E4C70442}"
EndProject
Global
	GlobalSection(SolutionConfigurationPlatforms) = preSolution
		Debug|Any CPU = Debug|Any CPU
		Release|Any CPU = Release|Any CPU
	EndGlobalSection
	GlobalSection(ProjectConfigurationPlatforms) = postSolution
		{29791E6D-EBCF-4165-8093-0F56E4C70442}.Debug|Any CPU.ActiveCfg = Debug|Any CPU
		{29791E6D-EBCF-4165-8093-0F56E4C70442}.Debug|Any CPU.Build.0 = Debug|Any CPU
		{29791E6D-EBCF-4165-8093-0F56E4C70442}.Release|Any CPU.ActiveCfg = Release|Any CPU
		{29791E6D-EBCF-4165-8093-0F56E4C70442}.Release|Any CPU.Build.0 = Release|Any CPU
	EndGlobalSection
	GlobalSection(SolutionProperties) = preSolution
		HideSolutionNode = FALSE
	EndGlobalSection
	GlobalSection(ExtensibilityGlobals) = postSolution
		SolutionGuid = {F62581FD-416E-41F5-B552-97AD971DA241}
	EndGlobalSection
EndGlobal
